
Microsoft Visual Studio Solution File, Format Version 12.00
# Visual Studio Version 17
VisualStudioVersion = 17.11.35312.102
MinimumVisualStudioVersion = 10.0.40219.1
Project("{9A19103F-16F7-4668-BE54-9A1E7A4F7556}") = "Maui.Plugins.Networking.Android", "Maui.Plugins.Networking.Android\Maui.Plugins.Networking.Android.csproj", "{8D5A3E6F-60B0-4075-A7F9-5425A09AF144}"
EndProject
Project("{9A19103F-16F7-4668-BE54-9A1E7A4F7556}") = "Maui.Plugins.Networking.Java", "Maui.Plugins.Networking.Java\Maui.Plugins.Networking.Java.csproj", "{F66A1684-B7F7-4067-89EE-368410BB0C52}"
EndProject
Project("{9A19103F-16F7-4668-BE54-9A1E7A4F7556}") = "Maui.Plugins.Networking.Android.Samples", "Maui.Plugins.Networking.Android.Samples\Maui.Plugins.Networking.Android.Samples.csproj", "{41A6D245-C526-4232-A719-89140F0C9223}"
EndProject
Global
	GlobalSection(SolutionConfigurationPlatforms) = preSolution
		Debug|Any CPU = Debug|Any CPU
		Release|Any CPU = Release|Any CPU
	EndGlobalSection
	GlobalSection(ProjectConfigurationPlatforms) = postSolution
		{8D5A3E6F-60B0-4075-A7F9-5425A09AF144}.Debug|Any CPU.ActiveCfg = Debug|Any CPU
		{8D5A3E6F-60B0-4075-A7F9-5425A09AF144}.Debug|Any CPU.Build.0 = Debug|Any CPU
		{8D5A3E6F-60B0-4075-A7F9-5425A09AF144}.Release|Any CPU.ActiveCfg = Release|Any CPU
		{8D5A3E6F-60B0-4075-A7F9-5425A09AF144}.Release|Any CPU.Build.0 = Release|Any CPU
		{F66A1684-B7F7-4067-89EE-368410BB0C52}.Debug|Any CPU.ActiveCfg = Debug|Any CPU
		{F66A1684-B7F7-4067-89EE-368410BB0C52}.Debug|Any CPU.Build.0 = Debug|Any CPU
		{F66A1684-B7F7-4067-89EE-368410BB0C52}.Release|Any CPU.ActiveCfg = Release|Any CPU
		{F66A1684-B7F7-4067-89EE-368410BB0C52}.Release|Any CPU.Build.0 = Release|Any CPU
		{41A6D245-C526-4232-A719-89140F0C9223}.Debug|Any CPU.ActiveCfg = Debug|Any CPU
		{41A6D245-C526-4232-A719-89140F0C9223}.Debug|Any CPU.Build.0 = Debug|Any CPU
		{41A6D245-C526-4232-A719-89140F0C9223}.Debug|Any CPU.Deploy.0 = Debug|Any CPU
		{41A6D245-C526-4232-A719-89140F0C9223}.Release|Any CPU.ActiveCfg = Release|Any CPU
		{41A6D245-C526-4232-A719-89140F0C9223}.Release|Any CPU.Build.0 = Release|Any CPU
		{41A6D245-C526-4232-A719-89140F0C9223}.Release|Any CPU.Deploy.0 = Release|Any CPU
	EndGlobalSection
	GlobalSection(SolutionProperties) = preSolution
		HideSolutionNode = FALSE
	EndGlobalSection
	GlobalSection(ExtensibilityGlobals) = postSolution
		SolutionGuid = {CC601CF3-AB35-42E1-AB98-B17034F9CE65}
	EndGlobalSection
EndGlobal
